
Microsoft Visual Studio Solution File, Format Version 12.00
# Visual Studio 2012
Project("{FAE04EC0-301F-11D3-BF4B-00C04F79EFBC}") = "Force.athWebClient", "Force.AthWebClient\Force.AthWebClient.csproj", "{28424CDD-F931-4D60-A1F6-B4B619CDDFAB}"
EndProject
Project("{FAE04EC0-301F-11D3-BF4B-00C04F79EFBC}") = "Force.athWebClient.Tests", "Force.AthWebClient.Tests\Force.AthWebClient.Tests.csproj", "{1711EFF1-370B-41DE-AC48-48267DBA723A}"
EndProject
Global
	GlobalSection(SolutionConfigurationPlatforms) = preSolution
		Debug|Any CPU = Debug|Any CPU
		Release|Any CPU = Release|Any CPU
	EndGlobalSection
	GlobalSection(ProjectConfigurationPlatforms) = postSolution
		{28424CDD-F931-4D60-A1F6-B4B619CDDFAB}.Debug|Any CPU.ActiveCfg = Debug|Any CPU
		{28424CDD-F931-4D60-A1F6-B4B619CDDFAB}.Debug|Any CPU.Build.0 = Debug|Any CPU
		{28424CDD-F931-4D60-A1F6-B4B619CDDFAB}.Release|Any CPU.ActiveCfg = Release|Any CPU
		{28424CDD-F931-4D60-A1F6-B4B619CDDFAB}.Release|Any CPU.Build.0 = Release|Any CPU
		{1711EFF1-370B-41DE-AC48-48267DBA723A}.Debug|Any CPU.ActiveCfg = Debug|Any CPU
		{1711EFF1-370B-41DE-AC48-48267DBA723A}.Debug|Any CPU.Build.0 = Debug|Any CPU
		{1711EFF1-370B-41DE-AC48-48267DBA723A}.Release|Any CPU.ActiveCfg = Release|Any CPU
		{1711EFF1-370B-41DE-AC48-48267DBA723A}.Release|Any CPU.Build.0 = Release|Any CPU
	EndGlobalSection
	GlobalSection(SolutionProperties) = preSolution
		HideSolutionNode = FALSE
	EndGlobalSection
EndGlobal
